
Microsoft Visual Studio Solution File, Format Version 12.00
# Visual Studio 15
VisualStudioVersion = 15.0.26430.12
MinimumVisualStudioVersion = 10.0.40219.1
Project("{FAE04EC0-301F-11D3-BF4B-00C04F79EFBC}") = "Aubergine.Web", "Aubergine.Web\Aubergine.Web.csproj", "{C85616F6-E75D-4B87-BC93-403A70F87DBE}"
EndProject
Project("{FAE04EC0-301F-11D3-BF4B-00C04F79EFBC}") = "Aubergine.Helpers", "Aubergine.Helpers\Aubergine.Helpers.csproj", "{DF9F811F-A422-4814-B72B-EBC5D1217787}"
EndProject
Project("{FAE04EC0-301F-11D3-BF4B-00C04F79EFBC}") = "Aubergine.Core", "Aubergine.Core\Aubergine.Core.csproj", "{F4768132-F117-407B-BE01-7813039DC9AC}"
EndProject
Project("{FAE04EC0-301F-11D3-BF4B-00C04F79EFBC}") = "Aubergine.Auth", "Aubergine.Auth\Aubergine.Auth.csproj", "{02C1D1C4-B124-41BF-AA3E-AD9D20501CBF}"
EndProject
Project("{FAE04EC0-301F-11D3-BF4B-00C04F79EFBC}") = "Aubergine.Blog", "Aubergine.Blog\Aubergine.Blog.csproj", "{CE52EFFF-CD89-42D4-BC37-BD4738F244B6}"
EndProject
Project("{FAE04EC0-301F-11D3-BF4B-00C04F79EFBC}") = "Aubergine.UserContent", "Aubergine.UserContent\Aubergine.UserContent.csproj", "{1AA3E133-A05C-4BAB-BE74-069FF37CBDD7}"
EndProject
Project("{FAE04EC0-301F-11D3-BF4B-00C04F79EFBC}") = "Aubergine.Comments", "Aubergine.Comments\Aubergine.Comments.csproj", "{B3AED4B6-EBBB-46CA-A7F7-F795C65CCD8A}"
EndProject
Project("{FAE04EC0-301F-11D3-BF4B-00C04F79EFBC}") = "Aubergine.Forums", "Aubergine.Forums\Aubergine.Forums.csproj", "{7EA42E42-20C6-4B0C-B944-124B9B9090C1}"
EndProject
Project("{FAE04EC0-301F-11D3-BF4B-00C04F79EFBC}") = "Aubergine.Complete", "Aubergine.Complete\Aubergine.Complete.csproj", "{4D9EA4A1-A341-493E-89DC-4B06EC653B46}"
EndProject
Global
	GlobalSection(SolutionConfigurationPlatforms) = preSolution
		Debug|Any CPU = Debug|Any CPU
		Release|Any CPU = Release|Any CPU
	EndGlobalSection
	GlobalSection(ProjectConfigurationPlatforms) = postSolution
		{C85616F6-E75D-4B87-BC93-403A70F87DBE}.Debug|Any CPU.ActiveCfg = Debug|Any CPU
		{C85616F6-E75D-4B87-BC93-403A70F87DBE}.Debug|Any CPU.Build.0 = Debug|Any CPU
		{C85616F6-E75D-4B87-BC93-403A70F87DBE}.Release|Any CPU.ActiveCfg = Release|Any CPU
		{C85616F6-E75D-4B87-BC93-403A70F87DBE}.Release|Any CPU.Build.0 = Release|Any CPU
		{DF9F811F-A422-4814-B72B-EBC5D1217787}.Debug|Any CPU.ActiveCfg = Debug|Any CPU
		{DF9F811F-A422-4814-B72B-EBC5D1217787}.Debug|Any CPU.Build.0 = Debug|Any CPU
		{DF9F811F-A422-4814-B72B-EBC5D1217787}.Release|Any CPU.ActiveCfg = Release|Any CPU
		{DF9F811F-A422-4814-B72B-EBC5D1217787}.Release|Any CPU.Build.0 = Release|Any CPU
		{F4768132-F117-407B-BE01-7813039DC9AC}.Debug|Any CPU.ActiveCfg = Debug|Any CPU
		{F4768132-F117-407B-BE01-7813039DC9AC}.Debug|Any CPU.Build.0 = Debug|Any CPU
		{F4768132-F117-407B-BE01-7813039DC9AC}.Release|Any CPU.ActiveCfg = Release|Any CPU
		{F4768132-F117-407B-BE01-7813039DC9AC}.Release|Any CPU.Build.0 = Release|Any CPU
		{02C1D1C4-B124-41BF-AA3E-AD9D20501CBF}.Debug|Any CPU.ActiveCfg = Debug|Any CPU
		{02C1D1C4-B124-41BF-AA3E-AD9D20501CBF}.Debug|Any CPU.Build.0 = Debug|Any CPU
		{02C1D1C4-B124-41BF-AA3E-AD9D20501CBF}.Release|Any CPU.ActiveCfg = Release|Any CPU
		{02C1D1C4-B124-41BF-AA3E-AD9D20501CBF}.Release|Any CPU.Build.0 = Release|Any CPU
		{CE52EFFF-CD89-42D4-BC37-BD4738F244B6}.Debug|Any CPU.ActiveCfg = Debug|Any CPU
		{CE52EFFF-CD89-42D4-BC37-BD4738F244B6}.Debug|Any CPU.Build.0 = Debug|Any CPU
		{CE52EFFF-CD89-42D4-BC37-BD4738F244B6}.Release|Any CPU.ActiveCfg = Release|Any CPU
		{CE52EFFF-CD89-42D4-BC37-BD4738F244B6}.Release|Any CPU.Build.0 = Release|Any CPU
		{1AA3E133-A05C-4BAB-BE74-069FF37CBDD7}.Debug|Any CPU.ActiveCfg = Debug|Any CPU
		{1AA3E133-A05C-4BAB-BE74-069FF37CBDD7}.Debug|Any CPU.Build.0 = Debug|Any CPU
		{1AA3E133-A05C-4BAB-BE74-069FF37CBDD7}.Release|Any CPU.ActiveCfg = Release|Any CPU
		{1AA3E133-A05C-4BAB-BE74-069FF37CBDD7}.Release|Any CPU.Build.0 = Release|Any CPU
		{B3AED4B6-EBBB-46CA-A7F7-F795C65CCD8A}.Debug|Any CPU.ActiveCfg = Debug|Any CPU
		{B3AED4B6-EBBB-46CA-A7F7-F795C65CCD8A}.Debug|Any CPU.Build.0 = Debug|Any CPU
		{B3AED4B6-EBBB-46CA-A7F7-F795C65CCD8A}.Release|Any CPU.ActiveCfg = Release|Any CPU
		{B3AED4B6-EBBB-46CA-A7F7-F795C65CCD8A}.Release|Any CPU.Build.0 = Release|Any CPU
		{7EA42E42-20C6-4B0C-B944-124B9B9090C1}.Debug|Any CPU.ActiveCfg = Debug|Any CPU
		{7EA42E42-20C6-4B0C-B944-124B9B9090C1}.Debug|Any CPU.Build.0 = Debug|Any CPU
		{7EA42E42-20C6-4B0C-B944-124B9B9090C1}.Release|Any CPU.ActiveCfg = Release|Any CPU
		{7EA42E42-20C6-4B0C-B944-124B9B9090C1}.Release|Any CPU.Build.0 = Release|Any CPU
		{4D9EA4A1-A341-493E-89DC-4B06EC653B46}.Debug|Any CPU.ActiveCfg = Debug|Any CPU
		{4D9EA4A1-A341-493E-89DC-4B06EC653B46}.Debug|Any CPU.Build.0 = Debug|Any CPU
		{4D9EA4A1-A341-493E-89DC-4B06EC653B46}.Release|Any CPU.ActiveCfg = Release|Any CPU
		{4D9EA4A1-A341-493E-89DC-4B06EC653B46}.Release|Any CPU.Build.0 = Release|Any CPU
	EndGlobalSection
	GlobalSection(SolutionProperties) = preSolution
		HideSolutionNode = FALSE
	EndGlobalSection
EndGlobal
