
Microsoft Visual Studio Solution File, Format Version 12.00
# Visual Studio 15
VisualStudioVersion = 15.0.26430.6
MinimumVisualStudioVersion = 10.0.40219.1
Project("{FAE04EC0-301F-11D3-BF4B-00C04F79EFBC}") = "Aubergine.Web", "Aubergine.Web\Aubergine.Web.csproj", "{C85616F6-E75D-4B87-BC93-403A70F87DBE}"
EndProject
Global
	GlobalSection(SolutionConfigurationPlatforms) = preSolution
		Debug|Any CPU = Debug|Any CPU
		Release|Any CPU = Release|Any CPU
	EndGlobalSection
	GlobalSection(ProjectConfigurationPlatforms) = postSolution
		{C85616F6-E75D-4B87-BC93-403A70F87DBE}.Debug|Any CPU.ActiveCfg = Debug|Any CPU
		{C85616F6-E75D-4B87-BC93-403A70F87DBE}.Debug|Any CPU.Build.0 = Debug|Any CPU
		{C85616F6-E75D-4B87-BC93-403A70F87DBE}.Release|Any CPU.ActiveCfg = Release|Any CPU
		{C85616F6-E75D-4B87-BC93-403A70F87DBE}.Release|Any CPU.Build.0 = Release|Any CPU
	EndGlobalSection
	GlobalSection(SolutionProperties) = preSolution
		HideSolutionNode = FALSE
	EndGlobalSection
EndGlobal
